
Microsoft Visual Studio Solution File, Format Version 12.00
# Visual Studio Version 17
VisualStudioVersion = 17.6.33829.357
MinimumVisualStudioVersion = 10.0.40219.1
Project("{9A19103F-16F7-4668-BE54-9A1E7A4F7556}") = "Xmind_Test", "Xmind_Test\Xmind_Test.csproj", "{437C9722-C9D8-44F3-842D-E0F62BB96FEF}"
EndProject
Project("{FAE04EC0-301F-11D3-BF4B-00C04F79EFBC}") = "BE.Xmind", "BE.Xmind\BE.Xmind.csproj", "{56F41AF2-4DC8-4056-9E5A-BC223B065CB7}"
EndProject
Global
	GlobalSection(SolutionConfigurationPlatforms) = preSolution
		Debug|Any CPU = Debug|Any CPU
		Release|Any CPU = Release|Any CPU
	EndGlobalSection
	GlobalSection(ProjectConfigurationPlatforms) = postSolution
		{437C9722-C9D8-44F3-842D-E0F62BB96FEF}.Debug|Any CPU.ActiveCfg = Debug|Any CPU
		{437C9722-C9D8-44F3-842D-E0F62BB96FEF}.Debug|Any CPU.Build.0 = Debug|Any CPU
		{437C9722-C9D8-44F3-842D-E0F62BB96FEF}.Release|Any CPU.ActiveCfg = Release|Any CPU
		{437C9722-C9D8-44F3-842D-E0F62BB96FEF}.Release|Any CPU.Build.0 = Release|Any CPU
		{56F41AF2-4DC8-4056-9E5A-BC223B065CB7}.Debug|Any CPU.ActiveCfg = Debug|Any CPU
		{56F41AF2-4DC8-4056-9E5A-BC223B065CB7}.Debug|Any CPU.Build.0 = Debug|Any CPU
		{56F41AF2-4DC8-4056-9E5A-BC223B065CB7}.Release|Any CPU.ActiveCfg = Release|Any CPU
		{56F41AF2-4DC8-4056-9E5A-BC223B065CB7}.Release|Any CPU.Build.0 = Release|Any CPU
	EndGlobalSection
	GlobalSection(SolutionProperties) = preSolution
		HideSolutionNode = FALSE
	EndGlobalSection
	GlobalSection(ExtensibilityGlobals) = postSolution
		SolutionGuid = {F2A78B6F-DA1C-4992-B6AF-F34C011855F5}
	EndGlobalSection
EndGlobal
